
Microsoft Visual Studio Solution File, Format Version 12.00
# Visual Studio Version 17
VisualStudioVersion = 17.6.33723.286
MinimumVisualStudioVersion = 10.0.40219.1
Project("{8BC9CEB8-8B4A-11D0-8D11-00A0C91BC942}") = "Project3", "Project3\Project3.vcxproj", "{82DC61BC-D0B2-4E10-9EB9-96535CBFCFBE}"
EndProject
Global
	GlobalSection(SolutionConfigurationPlatforms) = preSolution
		Debug|x64 = Debug|x64
		Debug|x86 = Debug|x86
		Release|x64 = Release|x64
		Release|x86 = Release|x86
	EndGlobalSection
	GlobalSection(ProjectConfigurationPlatforms) = postSolution
		{82DC61BC-D0B2-4E10-9EB9-96535CBFCFBE}.Debug|x64.ActiveCfg = Debug|x64
		{82DC61BC-D0B2-4E10-9EB9-96535CBFCFBE}.Debug|x64.Build.0 = Debug|x64
		{82DC61BC-D0B2-4E10-9EB9-96535CBFCFBE}.Debug|x86.ActiveCfg = Debug|Win32
		{82DC61BC-D0B2-4E10-9EB9-96535CBFCFBE}.Debug|x86.Build.0 = Debug|Win32
		{82DC61BC-D0B2-4E10-9EB9-96535CBFCFBE}.Release|x64.ActiveCfg = Release|x64
		{82DC61BC-D0B2-4E10-9EB9-96535CBFCFBE}.Release|x64.Build.0 = Release|x64
		{82DC61BC-D0B2-4E10-9EB9-96535CBFCFBE}.Release|x86.ActiveCfg = Release|Win32
		{82DC61BC-D0B2-4E10-9EB9-96535CBFCFBE}.Release|x86.Build.0 = Release|Win32
	EndGlobalSection
	GlobalSection(SolutionProperties) = preSolution
		HideSolutionNode = FALSE
	EndGlobalSection
	GlobalSection(ExtensibilityGlobals) = postSolution
		SolutionGuid = {67DEEE37-DA6E-4357-A2DF-82EE65453F9B}
	EndGlobalSection
EndGlobal
